// !$*UTF8*$!
{
	archiveVersion = 1;
	classes = {
	};
	objectVersion = 60;
	objects = {

/* Begin PBXBuildFile section */
		4C2A642F2B3A9D6D008F310A /* ToolerApp.swift in Sources */ = {isa = PBXBuildFile; fileRef = 4C2A642E2B3A9D6D008F310A /* ToolerApp.swift */; };
		4C2A64312B3A9D6D008F310A /* ContentView.swift in Sources */ = {isa = PBXBuildFile; fileRef = 4C2A64302B3A9D6D008F310A /* ContentView.swift */; };
		4C2A64332B3A9D6F008F310A /* Assets.xcassets in Resources */ = {isa = PBXBuildFile; fileRef = 4C2A64322B3A9D6F008F310A /* Assets.xcassets */; };
		4C2A64362B3A9D6F008F310A /* Preview Assets.xcassets in Resources */ = {isa = PBXBuildFile; fileRef = 4C2A64352B3A9D6F008F310A /* Preview Assets.xcassets */; };
		4C2A64472B3AA370008F310A /* SettingsView.swift in Sources */ = {isa = PBXBuildFile; fileRef = 4C2A64462B3AA370008F310A /* SettingsView.swift */; };
		4C2A644A2B3AA3CD008F310A /* DataManager.swift in Sources */ = {isa = PBXBuildFile; fileRef = 4C2A64492B3AA3CD008F310A /* DataManager.swift */; };
		4C2A644C2B3AA41B008F310A /* NavigationStateManager.swift in Sources */ = {isa = PBXBuildFile; fileRef = 4C2A644B2B3AA41B008F310A /* NavigationStateManager.swift */; };
		4C7811732B491DFD00E1D644 /* DownloadView.swift in Sources */ = {isa = PBXBuildFile; fileRef = 4C7811722B491DFD00E1D644 /* DownloadView.swift */; };
		4C7811772B49278600E1D644 /* YTDLApp.swift in Sources */ = {isa = PBXBuildFile; fileRef = 4C7811762B49278600E1D644 /* YTDLApp.swift */; };
		4CAB28E82B4C31D000BDC01E /* ytDownloaderViewModel.swift in Sources */ = {isa = PBXBuildFile; fileRef = 4CAB28E72B4C31D000BDC01E /* ytDownloaderViewModel.swift */; };
		4CAB28EB2B4C66A100BDC01E /* InstaDownloaderApp.swift in Sources */ = {isa = PBXBuildFile; fileRef = 4CAB28EA2B4C66A100BDC01E /* InstaDownloaderApp.swift */; };
		4CAB28ED2B4C676C00BDC01E /* InstaLoaderViewModel.swift in Sources */ = {isa = PBXBuildFile; fileRef = 4CAB28EC2B4C676C00BDC01E /* InstaLoaderViewModel.swift */; };
		4CAB28EF2B4C720800BDC01E /* InstaDownloaderView.swift in Sources */ = {isa = PBXBuildFile; fileRef = 4CAB28EE2B4C720800BDC01E /* InstaDownloaderView.swift */; };
		4CC7B2012B3BE73E0010A638 /* ShellController.swift in Sources */ = {isa = PBXBuildFile; fileRef = 4CC7B2002B3BE73E0010A638 /* ShellController.swift */; };
		4CC7B2062B3BFBC90010A638 /* BrewManagerView.swift in Sources */ = {isa = PBXBuildFile; fileRef = 4CC7B2052B3BFBC90010A638 /* BrewManagerView.swift */; };
		4CC7B2082B3BFBDE0010A638 /* BrewManagerViewModel.swift in Sources */ = {isa = PBXBuildFile; fileRef = 4CC7B2072B3BFBDE0010A638 /* BrewManagerViewModel.swift */; };
		4CD164672B4D645500B12E31 /* FolderSelectionView.swift in Sources */ = {isa = PBXBuildFile; fileRef = 4CD164662B4D645500B12E31 /* FolderSelectionView.swift */; };
		4CD1DB722B45A06D00487639 /* ScratchPad.swift in Sources */ = {isa = PBXBuildFile; fileRef = 4CD1DB712B45A06C00487639 /* ScratchPad.swift */; };
		4CD1DB742B46772D00487639 /* BrewApp.swift in Sources */ = {isa = PBXBuildFile; fileRef = 4CD1DB732B46772D00487639 /* BrewApp.swift */; };
		4CD1DB762B467D6000487639 /* Constants.swift in Sources */ = {isa = PBXBuildFile; fileRef = 4CD1DB752B467D6000487639 /* Constants.swift */; };
		4CE011C02B5122EF0084A391 /* SwiftElixir in Frameworks */ = {isa = PBXBuildFile; productRef = 4CE011BF2B5122EF0084A391 /* SwiftElixir */; };
		4CF0AC4E2B3C7B370024E8A4 /* BrewPackageList.swift in Sources */ = {isa = PBXBuildFile; fileRef = 4CF0AC4D2B3C7B370024E8A4 /* BrewPackageList.swift */; };
		4CF0AC512B4055BF0024E8A4 /* UIColor+Ext.swift in Sources */ = {isa = PBXBuildFile; fileRef = 4CF0AC502B4055BF0024E8A4 /* UIColor+Ext.swift */; };
		4CF0AC542B4055E20024E8A4 /* ColorConstants.swift in Sources */ = {isa = PBXBuildFile; fileRef = 4CF0AC532B4055E20024E8A4 /* ColorConstants.swift */; };
/* End PBXBuildFile section */

/* Begin PBXFileReference section */
		4C2A642B2B3A9D6D008F310A /* Tooler.app */ = {isa = PBXFileReference; explicitFileType = wrapper.application; includeInIndex = 0; path = Tooler.app; sourceTree = BUILT_PRODUCTS_DIR; };
		4C2A642E2B3A9D6D008F310A /* ToolerApp.swift */ = {isa = PBXFileReference; lastKnownFileType = sourcecode.swift; path = ToolerApp.swift; sourceTree = "<group>"; };
		4C2A64302B3A9D6D008F310A /* ContentView.swift */ = {isa = PBXFileReference; lastKnownFileType = sourcecode.swift; path = ContentView.swift; sourceTree = "<group>"; };
		4C2A64322B3A9D6F008F310A /* Assets.xcassets */ = {isa = PBXFileReference; lastKnownFileType = folder.assetcatalog; path = Assets.xcassets; sourceTree = "<group>"; };
		4C2A64352B3A9D6F008F310A /* Preview Assets.xcassets */ = {isa = PBXFileReference; lastKnownFileType = folder.assetcatalog; path = "Preview Assets.xcassets"; sourceTree = "<group>"; };
		4C2A64372B3A9D6F008F310A /* Tooler.entitlements */ = {isa = PBXFileReference; lastKnownFileType = text.plist.entitlements; path = Tooler.entitlements; sourceTree = "<group>"; };
		4C2A64462B3AA370008F310A /* SettingsView.swift */ = {isa = PBXFileReference; lastKnownFileType = sourcecode.swift; path = SettingsView.swift; sourceTree = "<group>"; };
		4C2A64492B3AA3CD008F310A /* DataManager.swift */ = {isa = PBXFileReference; lastKnownFileType = sourcecode.swift; path = DataManager.swift; sourceTree = "<group>"; };
		4C2A644B2B3AA41B008F310A /* NavigationStateManager.swift */ = {isa = PBXFileReference; lastKnownFileType = sourcecode.swift; path = NavigationStateManager.swift; sourceTree = "<group>"; };
		4C7811722B491DFD00E1D644 /* DownloadView.swift */ = {isa = PBXFileReference; lastKnownFileType = sourcecode.swift; path = DownloadView.swift; sourceTree = "<group>"; };
		4C7811762B49278600E1D644 /* YTDLApp.swift */ = {isa = PBXFileReference; lastKnownFileType = sourcecode.swift; path = YTDLApp.swift; sourceTree = "<group>"; };
		4CAB28E72B4C31D000BDC01E /* ytDownloaderViewModel.swift */ = {isa = PBXFileReference; lastKnownFileType = sourcecode.swift; path = ytDownloaderViewModel.swift; sourceTree = "<group>"; };
		4CAB28EA2B4C66A100BDC01E /* InstaDownloaderApp.swift */ = {isa = PBXFileReference; lastKnownFileType = sourcecode.swift; path = InstaDownloaderApp.swift; sourceTree = "<group>"; };
		4CAB28EC2B4C676C00BDC01E /* InstaLoaderViewModel.swift */ = {isa = PBXFileReference; lastKnownFileType = sourcecode.swift; path = InstaLoaderViewModel.swift; sourceTree = "<group>"; };
		4CAB28EE2B4C720800BDC01E /* InstaDownloaderView.swift */ = {isa = PBXFileReference; lastKnownFileType = sourcecode.swift; path = InstaDownloaderView.swift; sourceTree = "<group>"; };
		4CC7B2002B3BE73E0010A638 /* ShellController.swift */ = {isa = PBXFileReference; lastKnownFileType = sourcecode.swift; path = ShellController.swift; sourceTree = "<group>"; };
		4CC7B2052B3BFBC90010A638 /* BrewManagerView.swift */ = {isa = PBXFileReference; lastKnownFileType = sourcecode.swift; path = BrewManagerView.swift; sourceTree = "<group>"; };
		4CC7B2072B3BFBDE0010A638 /* BrewManagerViewModel.swift */ = {isa = PBXFileReference; lastKnownFileType = sourcecode.swift; path = BrewManagerViewModel.swift; sourceTree = "<group>"; };
		4CD164662B4D645500B12E31 /* FolderSelectionView.swift */ = {isa = PBXFileReference; lastKnownFileType = sourcecode.swift; path = FolderSelectionView.swift; sourceTree = "<group>"; };
		4CD1DB712B45A06C00487639 /* ScratchPad.swift */ = {isa = PBXFileReference; lastKnownFileType = sourcecode.swift; path = ScratchPad.swift; sourceTree = "<group>"; };
		4CD1DB732B46772D00487639 /* BrewApp.swift */ = {isa = PBXFileReference; lastKnownFileType = sourcecode.swift; path = BrewApp.swift; sourceTree = "<group>"; };
		4CD1DB752B467D6000487639 /* Constants.swift */ = {isa = PBXFileReference; lastKnownFileType = sourcecode.swift; path = Constants.swift; sourceTree = "<group>"; };
		4CF0AC4D2B3C7B370024E8A4 /* BrewPackageList.swift */ = {isa = PBXFileReference; lastKnownFileType = sourcecode.swift; path = BrewPackageList.swift; sourceTree = "<group>"; };
		4CF0AC502B4055BF0024E8A4 /* UIColor+Ext.swift */ = {isa = PBXFileReference; lastKnownFileType = sourcecode.swift; path = "UIColor+Ext.swift"; sourceTree = "<group>"; };
		4CF0AC532B4055E20024E8A4 /* ColorConstants.swift */ = {isa = PBXFileReference; lastKnownFileType = sourcecode.swift; path = ColorConstants.swift; sourceTree = "<group>"; };
/* End PBXFileReference section */

/* Begin PBXFrameworksBuildPhase section */
		4C2A64282B3A9D6D008F310A /* Frameworks */ = {
			isa = PBXFrameworksBuildPhase;
			buildActionMask = 2147483647;
			files = (
				4CE011C02B5122EF0084A391 /* SwiftElixir in Frameworks */,
			);
			runOnlyForDeploymentPostprocessing = 0;
		};
/* End PBXFrameworksBuildPhase section */

/* Begin PBXGroup section */
		4C2A64222B3A9D6D008F310A = {
			isa = PBXGroup;
			children = (
				4C2A642D2B3A9D6D008F310A /* Tooler */,
				4C2A642C2B3A9D6D008F310A /* Products */,
			);
			sourceTree = "<group>";
		};
		4C2A642C2B3A9D6D008F310A /* Products */ = {
			isa = PBXGroup;
			children = (
				4C2A642B2B3A9D6D008F310A /* Tooler.app */,
			);
			name = Products;
			sourceTree = "<group>";
		};
		4C2A642D2B3A9D6D008F310A /* Tooler */ = {
			isa = PBXGroup;
			children = (
				4CF0AC522B4055D30024E8A4 /* Constants */,
				4CF0AC4F2B4055AD0024E8A4 /* Extension */,
				4CC7B2032B3BFB960010A638 /* CommandLineApp */,
				4CC7B2022B3BEBD50010A638 /* Controller */,
				4C2A64482B3AA394008F310A /* Managers */,
				4C2A643F2B3A9EAE008F310A /* Views */,
				4C2A642E2B3A9D6D008F310A /* ToolerApp.swift */,
				4C2A64322B3A9D6F008F310A /* Assets.xcassets */,
				4C2A64372B3A9D6F008F310A /* Tooler.entitlements */,
				4C2A64342B3A9D6F008F310A /* Preview Content */,
				4CD1DB712B45A06C00487639 /* ScratchPad.swift */,
			);
			path = Tooler;
			sourceTree = "<group>";
		};
		4C2A64342B3A9D6F008F310A /* Preview Content */ = {
			isa = PBXGroup;
			children = (
				4C2A64352B3A9D6F008F310A /* Preview Assets.xcassets */,
			);
			path = "Preview Content";
			sourceTree = "<group>";
		};
		4C2A643F2B3A9EAE008F310A /* Views */ = {
			isa = PBXGroup;
			children = (
				4C2A64302B3A9D6D008F310A /* ContentView.swift */,
				4C2A64462B3AA370008F310A /* SettingsView.swift */,
				4CD164662B4D645500B12E31 /* FolderSelectionView.swift */,
			);
			path = Views;
			sourceTree = "<group>";
		};
		4C2A64482B3AA394008F310A /* Managers */ = {
			isa = PBXGroup;
			children = (
				4C2A64492B3AA3CD008F310A /* DataManager.swift */,
				4C2A644B2B3AA41B008F310A /* NavigationStateManager.swift */,
			);
			path = Managers;
			sourceTree = "<group>";
		};
		4C78116F2B491DC900E1D644 /* yt-downloader */ = {
			isa = PBXGroup;
			children = (
				4C7811722B491DFD00E1D644 /* DownloadView.swift */,
				4C7811762B49278600E1D644 /* YTDLApp.swift */,
				4CAB28E72B4C31D000BDC01E /* ytDownloaderViewModel.swift */,
			);
			path = "yt-downloader";
			sourceTree = "<group>";
		};
		4CAB28E92B4C668700BDC01E /* InstagramDownloader */ = {
			isa = PBXGroup;
			children = (
				4CAB28EA2B4C66A100BDC01E /* InstaDownloaderApp.swift */,
				4CAB28EC2B4C676C00BDC01E /* InstaLoaderViewModel.swift */,
				4CAB28EE2B4C720800BDC01E /* InstaDownloaderView.swift */,
			);
			path = InstagramDownloader;
			sourceTree = "<group>";
		};
		4CC7B2022B3BEBD50010A638 /* Controller */ = {
			isa = PBXGroup;
			children = (
				4CC7B2002B3BE73E0010A638 /* ShellController.swift */,
			);
			path = Controller;
			sourceTree = "<group>";
		};
		4CC7B2032B3BFB960010A638 /* CommandLineApp */ = {
			isa = PBXGroup;
			children = (
				4CAB28E92B4C668700BDC01E /* InstagramDownloader */,
				4C78116F2B491DC900E1D644 /* yt-downloader */,
				4CC7B2042B3BFBAA0010A638 /* Brew */,
			);
			path = CommandLineApp;
			sourceTree = "<group>";
		};
		4CC7B2042B3BFBAA0010A638 /* Brew */ = {
			isa = PBXGroup;
			children = (
				4CC7B2052B3BFBC90010A638 /* BrewManagerView.swift */,
				4CC7B2072B3BFBDE0010A638 /* BrewManagerViewModel.swift */,
				4CF0AC4D2B3C7B370024E8A4 /* BrewPackageList.swift */,
				4CD1DB732B46772D00487639 /* BrewApp.swift */,
				4CD1DB752B467D6000487639 /* Constants.swift */,
			);
			path = Brew;
			sourceTree = "<group>";
		};
		4CF0AC4F2B4055AD0024E8A4 /* Extension */ = {
			isa = PBXGroup;
			children = (
				4CF0AC502B4055BF0024E8A4 /* UIColor+Ext.swift */,
			);
			path = Extension;
			sourceTree = "<group>";
		};
		4CF0AC522B4055D30024E8A4 /* Constants */ = {
			isa = PBXGroup;
			children = (
				4CF0AC532B4055E20024E8A4 /* ColorConstants.swift */,
			);
			path = Constants;
			sourceTree = "<group>";
		};
/* End PBXGroup section */

/* Begin PBXNativeTarget section */
		4C2A642A2B3A9D6D008F310A /* Tooler */ = {
			isa = PBXNativeTarget;
			buildConfigurationList = 4C2A643A2B3A9D6F008F310A /* Build configuration list for PBXNativeTarget "Tooler" */;
			buildPhases = (
				4C2A64272B3A9D6D008F310A /* Sources */,
				4C2A64282B3A9D6D008F310A /* Frameworks */,
				4C2A64292B3A9D6D008F310A /* Resources */,
			);
			buildRules = (
			);
			dependencies = (
			);
			name = Tooler;
			packageProductDependencies = (
				4CE011BF2B5122EF0084A391 /* SwiftElixir */,
			);
			productName = Tooler;
			productReference = 4C2A642B2B3A9D6D008F310A /* Tooler.app */;
			productType = "com.apple.product-type.application";
		};
/* End PBXNativeTarget section */

/* Begin PBXProject section */
		4C2A64232B3A9D6D008F310A /* Project object */ = {
			isa = PBXProject;
			attributes = {
				BuildIndependentTargetsInParallel = 1;
				LastSwiftUpdateCheck = 1500;
				LastUpgradeCheck = 1500;
				TargetAttributes = {
					4C2A642A2B3A9D6D008F310A = {
						CreatedOnToolsVersion = 15.0;
					};
				};
			};
			buildConfigurationList = 4C2A64262B3A9D6D008F310A /* Build configuration list for PBXProject "Tooler" */;
			compatibilityVersion = "Xcode 14.0";
			developmentRegion = en;
			hasScannedForEncodings = 0;
			knownRegions = (
				en,
				Base,
			);
			mainGroup = 4C2A64222B3A9D6D008F310A;
			packageReferences = (
				4CE011BC2B5120EB0084A391 /* XCLocalSwiftPackageReference "../SwiftElixir" */,
			);
			productRefGroup = 4C2A642C2B3A9D6D008F310A /* Products */;
			projectDirPath = "";
			projectRoot = "";
			targets = (
				4C2A642A2B3A9D6D008F310A /* Tooler */,
			);
		};
/* End PBXProject section */

/* Begin PBXResourcesBuildPhase section */
		4C2A64292B3A9D6D008F310A /* Resources */ = {
			isa = PBXResourcesBuildPhase;
			buildActionMask = 2147483647;
			files = (
				4C2A64362B3A9D6F008F310A /* Preview Assets.xcassets in Resources */,
				4C2A64332B3A9D6F008F310A /* Assets.xcassets in Resources */,
			);
			runOnlyForDeploymentPostprocessing = 0;
		};
/* End PBXResourcesBuildPhase section */

/* Begin PBXSourcesBuildPhase section */
		4C2A64272B3A9D6D008F310A /* Sources */ = {
			isa = PBXSourcesBuildPhase;
			buildActionMask = 2147483647;
			files = (
				4CAB28EB2B4C66A100BDC01E /* InstaDownloaderApp.swift in Sources */,
				4C7811732B491DFD00E1D644 /* DownloadView.swift in Sources */,
				4CC7B2012B3BE73E0010A638 /* ShellController.swift in Sources */,
				4CD1DB762B467D6000487639 /* Constants.swift in Sources */,
				4C2A64312B3A9D6D008F310A /* ContentView.swift in Sources */,
				4CAB28ED2B4C676C00BDC01E /* InstaLoaderViewModel.swift in Sources */,
				4CF0AC4E2B3C7B370024E8A4 /* BrewPackageList.swift in Sources */,
				4CF0AC542B4055E20024E8A4 /* ColorConstants.swift in Sources */,
				4C2A644C2B3AA41B008F310A /* NavigationStateManager.swift in Sources */,
				4C2A64472B3AA370008F310A /* SettingsView.swift in Sources */,
				4C7811772B49278600E1D644 /* YTDLApp.swift in Sources */,
				4CC7B2082B3BFBDE0010A638 /* BrewManagerViewModel.swift in Sources */,
				4C2A644A2B3AA3CD008F310A /* DataManager.swift in Sources */,
				4CD1DB742B46772D00487639 /* BrewApp.swift in Sources */,
				4CC7B2062B3BFBC90010A638 /* BrewManagerView.swift in Sources */,
				4CAB28E82B4C31D000BDC01E /* ytDownloaderViewModel.swift in Sources */,
				4CD164672B4D645500B12E31 /* FolderSelectionView.swift in Sources */,
				4CAB28EF2B4C720800BDC01E /* InstaDownloaderView.swift in Sources */,
				4CF0AC512B4055BF0024E8A4 /* UIColor+Ext.swift in Sources */,
				4C2A642F2B3A9D6D008F310A /* ToolerApp.swift in Sources */,
				4CD1DB722B45A06D00487639 /* ScratchPad.swift in Sources */,
			);
			runOnlyForDeploymentPostprocessing = 0;
		};
/* End PBXSourcesBuildPhase section */

/* Begin XCBuildConfiguration section */
		4C2A64382B3A9D6F008F310A /* Debug */ = {
			isa = XCBuildConfiguration;
			buildSettings = {
				ALWAYS_SEARCH_USER_PATHS = NO;
				ASSETCATALOG_COMPILER_GENERATE_SWIFT_ASSET_SYMBOL_EXTENSIONS = YES;
				CLANG_ANALYZER_NONNULL = YES;
				CLANG_ANALYZER_NUMBER_OBJECT_CONVERSION = YES_AGGRESSIVE;
				CLANG_CXX_LANGUAGE_STANDARD = "gnu++20";
				CLANG_ENABLE_MODULES = YES;
				CLANG_ENABLE_OBJC_ARC = YES;
				CLANG_ENABLE_OBJC_WEAK = YES;
				CLANG_WARN_BLOCK_CAPTURE_AUTORELEASING = YES;
				CLANG_WARN_BOOL_CONVERSION = YES;
				CLANG_WARN_COMMA = YES;
				CLANG_WARN_CONSTANT_CONVERSION = YES;
				CLANG_WARN_DEPRECATED_OBJC_IMPLEMENTATIONS = YES;
				CLANG_WARN_DIRECT_OBJC_ISA_USAGE = YES_ERROR;
				CLANG_WARN_DOCUMENTATION_COMMENTS = YES;
				CLANG_WARN_EMPTY_BODY = YES;
				CLANG_WARN_ENUM_CONVERSION = YES;
				CLANG_WARN_INFINITE_RECURSION = YES;
				CLANG_WARN_INT_CONVERSION = YES;
				CLANG_WARN_NON_LITERAL_NULL_CONVERSION = YES;
				CLANG_WARN_OBJC_IMPLICIT_RETAIN_SELF = YES;
				CLANG_WARN_OBJC_LITERAL_CONVERSION = YES;
				CLANG_WARN_OBJC_ROOT_CLASS = YES_ERROR;
				CLANG_WARN_QUOTED_INCLUDE_IN_FRAMEWORK_HEADER = YES;
				CLANG_WARN_RANGE_LOOP_ANALYSIS = YES;
				CLANG_WARN_STRICT_PROTOTYPES = YES;
				CLANG_WARN_SUSPICIOUS_MOVE = YES;
				CLANG_WARN_UNGUARDED_AVAILABILITY = YES_AGGRESSIVE;
				CLANG_WARN_UNREACHABLE_CODE = YES;
				CLANG_WARN__DUPLICATE_METHOD_MATCH = YES;
				COPY_PHASE_STRIP = NO;
				DEBUG_INFORMATION_FORMAT = dwarf;
				ENABLE_STRICT_OBJC_MSGSEND = YES;
				ENABLE_TESTABILITY = YES;
				ENABLE_USER_SCRIPT_SANDBOXING = YES;
				GCC_C_LANGUAGE_STANDARD = gnu17;
				GCC_DYNAMIC_NO_PIC = NO;
				GCC_NO_COMMON_BLOCKS = YES;
				GCC_OPTIMIZATION_LEVEL = 0;
				GCC_PREPROCESSOR_DEFINITIONS = (
					"DEBUG=1",
					"$(inherited)",
				);
				GCC_WARN_64_TO_32_BIT_CONVERSION = YES;
				GCC_WARN_ABOUT_RETURN_TYPE = YES_ERROR;
				GCC_WARN_UNDECLARED_SELECTOR = YES;
				GCC_WARN_UNINITIALIZED_AUTOS = YES_AGGRESSIVE;
				GCC_WARN_UNUSED_FUNCTION = YES;
				GCC_WARN_UNUSED_VARIABLE = YES;
				LOCALIZATION_PREFERS_STRING_CATALOGS = YES;
				MACOSX_DEPLOYMENT_TARGET = 14.0;
				MTL_ENABLE_DEBUG_INFO = INCLUDE_SOURCE;
				MTL_FAST_MATH = YES;
				ONLY_ACTIVE_ARCH = YES;
				SDKROOT = macosx;
				SWIFT_ACTIVE_COMPILATION_CONDITIONS = "DEBUG $(inherited)";
				SWIFT_OPTIMIZATION_LEVEL = "-Onone";
			};
			name = Debug;
		};
		4C2A64392B3A9D6F008F310A /* Release */ = {
			isa = XCBuildConfiguration;
			buildSettings = {
				ALWAYS_SEARCH_USER_PATHS = NO;
				ASSETCATALOG_COMPILER_GENERATE_SWIFT_ASSET_SYMBOL_EXTENSIONS = YES;
				CLANG_ANALYZER_NONNULL = YES;
				CLANG_ANALYZER_NUMBER_OBJECT_CONVERSION = YES_AGGRESSIVE;
				CLANG_CXX_LANGUAGE_STANDARD = "gnu++20";
				CLANG_ENABLE_MODULES = YES;
				CLANG_ENABLE_OBJC_ARC = YES;
				CLANG_ENABLE_OBJC_WEAK = YES;
				CLANG_WARN_BLOCK_CAPTURE_AUTORELEASING = YES;
				CLANG_WARN_BOOL_CONVERSION = YES;
				CLANG_WARN_COMMA = YES;
				CLANG_WARN_CONSTANT_CONVERSION = YES;
				CLANG_WARN_DEPRECATED_OBJC_IMPLEMENTATIONS = YES;
				CLANG_WARN_DIRECT_OBJC_ISA_USAGE = YES_ERROR;
				CLANG_WARN_DOCUMENTATION_COMMENTS = YES;
				CLANG_WARN_EMPTY_BODY = YES;
				CLANG_WARN_ENUM_CONVERSION = YES;
				CLANG_WARN_INFINITE_RECURSION = YES;
				CLANG_WARN_INT_CONVERSION = YES;
				CLANG_WARN_NON_LITERAL_NULL_CONVERSION = YES;
				CLANG_WARN_OBJC_IMPLICIT_RETAIN_SELF = YES;
				CLANG_WARN_OBJC_LITERAL_CONVERSION = YES;
				CLANG_WARN_OBJC_ROOT_CLASS = YES_ERROR;
				CLANG_WARN_QUOTED_INCLUDE_IN_FRAMEWORK_HEADER = YES;
				CLANG_WARN_RANGE_LOOP_ANALYSIS = YES;
				CLANG_WARN_STRICT_PROTOTYPES = YES;
				CLANG_WARN_SUSPICIOUS_MOVE = YES;
				CLANG_WARN_UNGUARDED_AVAILABILITY = YES_AGGRESSIVE;
				CLANG_WARN_UNREACHABLE_CODE = YES;
				CLANG_WARN__DUPLICATE_METHOD_MATCH = YES;
				COPY_PHASE_STRIP = NO;
				DEBUG_INFORMATION_FORMAT = "dwarf-with-dsym";
				ENABLE_NS_ASSERTIONS = NO;
				ENABLE_STRICT_OBJC_MSGSEND = YES;
				ENABLE_USER_SCRIPT_SANDBOXING = YES;
				GCC_C_LANGUAGE_STANDARD = gnu17;
				GCC_NO_COMMON_BLOCKS = YES;
				GCC_WARN_64_TO_32_BIT_CONVERSION = YES;
				GCC_WARN_ABOUT_RETURN_TYPE = YES_ERROR;
				GCC_WARN_UNDECLARED_SELECTOR = YES;
				GCC_WARN_UNINITIALIZED_AUTOS = YES_AGGRESSIVE;
				GCC_WARN_UNUSED_FUNCTION = YES;
				GCC_WARN_UNUSED_VARIABLE = YES;
				LOCALIZATION_PREFERS_STRING_CATALOGS = YES;
				MACOSX_DEPLOYMENT_TARGET = 14.0;
				MTL_ENABLE_DEBUG_INFO = NO;
				MTL_FAST_MATH = YES;
				SDKROOT = macosx;
				SWIFT_COMPILATION_MODE = wholemodule;
			};
			name = Release;
		};
		4C2A643B2B3A9D6F008F310A /* Debug */ = {
			isa = XCBuildConfiguration;
			buildSettings = {
				ASSETCATALOG_COMPILER_APPICON_NAME = AppIcon;
				ASSETCATALOG_COMPILER_GLOBAL_ACCENT_COLOR_NAME = AccentColor;
				ASSETCATALOG_COMPILER_INCLUDE_ALL_APPICON_ASSETS = YES;
				CODE_SIGN_ENTITLEMENTS = Tooler/Tooler.entitlements;
				CODE_SIGN_STYLE = Automatic;
				COMBINE_HIDPI_IMAGES = YES;
				CURRENT_PROJECT_VERSION = 1;
				DEVELOPMENT_ASSET_PATHS = "\"Tooler/Preview Content\"";
				DEVELOPMENT_TEAM = 2BMUKRTSZ6;
				ENABLE_HARDENED_RUNTIME = YES;
				ENABLE_PREVIEWS = YES;
				GENERATE_INFOPLIST_FILE = YES;
				INFOPLIST_KEY_CFBundleDisplayName = Tooler;
				INFOPLIST_KEY_LSApplicationCategoryType = "public.app-category.developer-tools";
				INFOPLIST_KEY_NSHumanReadableCopyright = "";
				LD_RUNPATH_SEARCH_PATHS = (
					"$(inherited)",
					"@executable_path/../Frameworks",
				);
				MARKETING_VERSION = 0.1;
				PRODUCT_BUNDLE_IDENTIFIER = com.akashkahalkar.tooler.Tooler;
				PRODUCT_NAME = "$(TARGET_NAME)";
				SWIFT_EMIT_LOC_STRINGS = YES;
				SWIFT_VERSION = 5.0;
			};
			name = Debug;
		};
		4C2A643C2B3A9D6F008F310A /* Release */ = {
			isa = XCBuildConfiguration;
			buildSettings = {
				ASSETCATALOG_COMPILER_APPICON_NAME = AppIcon;
				ASSETCATALOG_COMPILER_GLOBAL_ACCENT_COLOR_NAME = AccentColor;
				ASSETCATALOG_COMPILER_INCLUDE_ALL_APPICON_ASSETS = YES;
				CODE_SIGN_ENTITLEMENTS = Tooler/Tooler.entitlements;
				CODE_SIGN_STYLE = Automatic;
				COMBINE_HIDPI_IMAGES = YES;
				CURRENT_PROJECT_VERSION = 1;
				DEVELOPMENT_ASSET_PATHS = "\"Tooler/Preview Content\"";
				DEVELOPMENT_TEAM = 2BMUKRTSZ6;
				ENABLE_HARDENED_RUNTIME = YES;
				ENABLE_PREVIEWS = YES;
				GENERATE_INFOPLIST_FILE = YES;
				INFOPLIST_KEY_CFBundleDisplayName = Tooler;
				INFOPLIST_KEY_LSApplicationCategoryType = "public.app-category.developer-tools";
				INFOPLIST_KEY_NSHumanReadableCopyright = "";
				LD_RUNPATH_SEARCH_PATHS = (
					"$(inherited)",
					"@executable_path/../Frameworks",
				);
				MARKETING_VERSION = 0.1;
				PRODUCT_BUNDLE_IDENTIFIER = com.akashkahalkar.tooler.Tooler;
				PRODUCT_NAME = "$(TARGET_NAME)";
				SWIFT_EMIT_LOC_STRINGS = YES;
				SWIFT_VERSION = 5.0;
			};
			name = Release;
		};
/* End XCBuildConfiguration section */

/* Begin XCConfigurationList section */
		4C2A64262B3A9D6D008F310A /* Build configuration list for PBXProject "Tooler" */ = {
			isa = XCConfigurationList;
			buildConfigurations = (
				4C2A64382B3A9D6F008F310A /* Debug */,
				4C2A64392B3A9D6F008F310A /* Release */,
			);
			defaultConfigurationIsVisible = 0;
			defaultConfigurationName = Debug;
		};
		4C2A643A2B3A9D6F008F310A /* Build configuration list for PBXNativeTarget "Tooler" */ = {
			isa = XCConfigurationList;
			buildConfigurations = (
				4C2A643B2B3A9D6F008F310A /* Debug */,
				4C2A643C2B3A9D6F008F310A /* Release */,
			);
			defaultConfigurationIsVisible = 0;
			defaultConfigurationName = Debug;
		};
/* End XCConfigurationList section */

/* Begin XCLocalSwiftPackageReference section */
		4CE011BC2B5120EB0084A391 /* XCLocalSwiftPackageReference "../SwiftElixir" */ = {
			isa = XCLocalSwiftPackageReference;
			relativePath = ../SwiftElixir;
		};
/* End XCLocalSwiftPackageReference section */

/* Begin XCSwiftPackageProductDependency section */
		4CE011BF2B5122EF0084A391 /* SwiftElixir */ = {
			isa = XCSwiftPackageProductDependency;
			productName = SwiftElixir;
		};
/* End XCSwiftPackageProductDependency section */
	};
	rootObject = 4C2A64232B3A9D6D008F310A /* Project object */;
}
